
Microsoft Visual Studio Solution File, Format Version 12.00
# Visual Studio 14
VisualStudioVersion = 14.0.25420.1
MinimumVisualStudioVersion = 10.0.40219.1
Project("{888888A0-9F3D-457C-B088-3A5042F75D52}") = "detectiveGame_pythonBuild_v1.01", "detectiveGame_pythonBuild_v1.01\detectiveGame_pythonBuild_v1.01.pyproj", "{05694E20-6B44-4AC3-9957-858E2DAD5788}"
EndProject
Global
	GlobalSection(SolutionConfigurationPlatforms) = preSolution
		Debug|Any CPU = Debug|Any CPU
		Release|Any CPU = Release|Any CPU
	EndGlobalSection
	GlobalSection(ProjectConfigurationPlatforms) = postSolution
		{05694E20-6B44-4AC3-9957-858E2DAD5788}.Debug|Any CPU.ActiveCfg = Debug|Any CPU
		{05694E20-6B44-4AC3-9957-858E2DAD5788}.Release|Any CPU.ActiveCfg = Release|Any CPU
	EndGlobalSection
	GlobalSection(SolutionProperties) = preSolution
		HideSolutionNode = FALSE
	EndGlobalSection
EndGlobal
